version = 1
revision = 3
requires-python = ">=3.13"

[[package]]
name = "datuen-ingeniaritza-faker"
version = "0.1.0"
source = { virtual = "." }
dependencies = [
    { name = "faker" },
]

[package.metadata]
requires-dist = [{ name = "faker", specifier = ">=37.0.0,<38.0.0" }]

[[package]]
name = "faker"
version = "37.12.0"
source = { registry = "https://pypi.org/simple" }
dependencies = [
    { name = "tzdata" },
]
sdist = { url = "https://files.pythonhosted.org/packages/3d/84/e95acaa848b855e15c83331d0401ee5f84b2f60889255c2e055cb4fb6bdf/faker-37.12.0.tar.gz", hash = "sha256:7505e59a7e02fa9010f06c3e1e92f8250d4cfbb30632296140c2d6dbef09b0fa", size = 1935741, upload-time = "2025-10-24T15:19:58.764Z" }
wheels = [
    { url = "https://files.pythonhosted.org/packages/8e/98/2c050dec90e295a524c9b65c4cb9e7c302386a296b2938710448cbd267d5/faker-37.12.0-py3-none-any.whl", hash = "sha256:afe7ccc038da92f2fbae30d8e16d19d91e92e242f8401ce9caf44de892bab4c4", size = 1975461, upload-time = "2025-10-24T15:19:55.739Z" },
]

[[package]]
name = "tzdata"
version = "2026.4"
source = { registry = "https://pypi.org/simple" }
sdist = { url = "https://files.pythonhosted.org/packages/e4/31/3d74fa778a63b98b7374323befcc0be5ab3bd94afd4096a0124e7379152c/tzdata-2026.4.tar.gz", hash = "sha256:f1b8bd365d8d210c55353f4d7f8d6d8561c0ba50d704b700d195a9424bba0d79", size = 199350, upload-time = "2026-09-12T12:56:03.251Z" }
wheels = [
    { url = "https://files.pythonhosted.org/packages/f9/bc/8737e8d54cf51106118039b83f485a4783112fab49ea9d044b234978a46e/tzdata-2026.4-py2.py3-none-any.whl", hash = "sha256:c2169a8b0a7a5e9674da5a135ccdfb2b3e671b333ed9fed17b41f73c34476e81", size = 347494, upload-time = "2026-09-12T12:56:01.67Z" },
]
